// !$*UTF8*$!
{
	archiveVersion = 1;
	classes = {
	};
	objectVersion = 46;
	objects = {

/* Begin PBXBuildFile section */
		16DAA76D1EA3758C0072FBAC /* AppDelegate.swift in Sources */ = {isa = PBXBuildFile; fileRef = 16DAA76C1EA3758C0072FBAC /* AppDelegate.swift */; };
		16DAA7741EA3758C0072FBAC /* Assets.xcassets in Resources */ = {isa = PBXBuildFile; fileRef = 16DAA7731EA3758C0072FBAC /* Assets.xcassets */; };
		16DAA7771EA3758C0072FBAC /* LaunchScreen.storyboard in Resources */ = {isa = PBXBuildFile; fileRef = 16DAA7751EA3758C0072FBAC /* LaunchScreen.storyboard */; };
		16DAA7871EA389D70072FBAC /* Home.storyboard in Resources */ = {isa = PBXBuildFile; fileRef = 16DAA7851EA389D70072FBAC /* Home.storyboard */; };
		16DAA7891EA38A1E0072FBAC /* Live.storyboard in Resources */ = {isa = PBXBuildFile; fileRef = 16DAA7881EA38A1E0072FBAC /* Live.storyboard */; };
		16DAA78C1EA38A570072FBAC /* Follow.storyboard in Resources */ = {isa = PBXBuildFile; fileRef = 16DAA78A1EA38A570072FBAC /* Follow.storyboard */; };
		16DAA78E1EA38A740072FBAC /* Profile.storyboard in Resources */ = {isa = PBXBuildFile; fileRef = 16DAA78D1EA38A740072FBAC /* Profile.storyboard */; };
		16DAA7911EA38C0B0072FBAC /* Main.storyboard in Resources */ = {isa = PBXBuildFile; fileRef = 16DAA78F1EA38C0B0072FBAC /* Main.storyboard */; };
		16DAA7A61EA38FE90072FBAC /* MainViewController.swift in Sources */ = {isa = PBXBuildFile; fileRef = 16DAA7A51EA38FE90072FBAC /* MainViewController.swift */; };
		16DAA7A81EA390590072FBAC /* HomeViewController.swift in Sources */ = {isa = PBXBuildFile; fileRef = 16DAA7A71EA390590072FBAC /* HomeViewController.swift */; };
		16DAA7AB1EA3994B0072FBAC /* UIBarButtonItem-Extention.swift in Sources */ = {isa = PBXBuildFile; fileRef = 16DAA7AA1EA3994B0072FBAC /* UIBarButtonItem-Extention.swift */; };
		16DAA7AF1EA3A30A0072FBAC /* PageTitleView.swift in Sources */ = {isa = PBXBuildFile; fileRef = 16DAA7AE1EA3A30A0072FBAC /* PageTitleView.swift */; };
		16DAA7B11EA3A65A0072FBAC /* Common.swift in Sources */ = {isa = PBXBuildFile; fileRef = 16DAA7B01EA3A65A0072FBAC /* Common.swift */; };
/* End PBXBuildFile section */

/* Begin PBXFileReference section */
		16DAA7691EA3758C0072FBAC /* DouyuDemo.app */ = {isa = PBXFileReference; explicitFileType = wrapper.application; includeInIndex = 0; path = DouyuDemo.app; sourceTree = BUILT_PRODUCTS_DIR; };
		16DAA76C1EA3758C0072FBAC /* AppDelegate.swift */ = {isa = PBXFileReference; lastKnownFileType = sourcecode.swift; path = AppDelegate.swift; sourceTree = "<group>"; };
		16DAA7731EA3758C0072FBAC /* Assets.xcassets */ = {isa = PBXFileReference; lastKnownFileType = folder.assetcatalog; path = Assets.xcassets; sourceTree = "<group>"; };
		16DAA7761EA3758C0072FBAC /* Base */ = {isa = PBXFileReference; lastKnownFileType = file.storyboard; name = Base; path = Base.lproj/LaunchScreen.storyboard; sourceTree = "<group>"; };
		16DAA7781EA3758C0072FBAC /* Info.plist */ = {isa = PBXFileReference; lastKnownFileType = text.plist.xml; path = Info.plist; sourceTree = "<group>"; };
		16DAA7861EA389D70072FBAC /* Base */ = {isa = PBXFileReference; lastKnownFileType = file.storyboard; name = Base; path = Base.lproj/Home.storyboard; sourceTree = "<group>"; };
		16DAA7881EA38A1E0072FBAC /* Live.storyboard */ = {isa = PBXFileReference; fileEncoding = 4; lastKnownFileType = file.storyboard; name = Live.storyboard; path = ../../../Live.storyboard; sourceTree = "<group>"; };
		16DAA78B1EA38A570072FBAC /* Base */ = {isa = PBXFileReference; lastKnownFileType = file.storyboard; name = Base; path = Base.lproj/Follow.storyboard; sourceTree = "<group>"; };
		16DAA78D1EA38A740072FBAC /* Profile.storyboard */ = {isa = PBXFileReference; fileEncoding = 4; lastKnownFileType = file.storyboard; name = Profile.storyboard; path = ../../../Profile.storyboard; sourceTree = "<group>"; };
		16DAA7901EA38C0B0072FBAC /* Base */ = {isa = PBXFileReference; lastKnownFileType = file.storyboard; name = Base; path = Base.lproj/Main.storyboard; sourceTree = "<group>"; };
		16DAA7A51EA38FE90072FBAC /* MainViewController.swift */ = {isa = PBXFileReference; fileEncoding = 4; lastKnownFileType = sourcecode.swift; path = MainViewController.swift; sourceTree = "<group>"; };
		16DAA7A71EA390590072FBAC /* HomeViewController.swift */ = {isa = PBXFileReference; fileEncoding = 4; lastKnownFileType = sourcecode.swift; path = HomeViewController.swift; sourceTree = "<group>"; };
		16DAA7AA1EA3994B0072FBAC /* UIBarButtonItem-Extention.swift */ = {isa = PBXFileReference; fileEncoding = 4; lastKnownFileType = sourcecode.swift; path = "UIBarButtonItem-Extention.swift"; sourceTree = "<group>"; };
		16DAA7AE1EA3A30A0072FBAC /* PageTitleView.swift */ = {isa = PBXFileReference; fileEncoding = 4; lastKnownFileType = sourcecode.swift; path = PageTitleView.swift; sourceTree = "<group>"; };
		16DAA7B01EA3A65A0072FBAC /* Common.swift */ = {isa = PBXFileReference; fileEncoding = 4; lastKnownFileType = sourcecode.swift; path = Common.swift; sourceTree = "<group>"; };
/* End PBXFileReference section */

/* Begin PBXFrameworksBuildPhase section */
		16DAA7661EA3758B0072FBAC /* Frameworks */ = {
			isa = PBXFrameworksBuildPhase;
			buildActionMask = 2147483647;
			files = (
			);
			runOnlyForDeploymentPostprocessing = 0;
		};
/* End PBXFrameworksBuildPhase section */

/* Begin PBXGroup section */
		16DAA7601EA3758B0072FBAC = {
			isa = PBXGroup;
			children = (
				16DAA76B1EA3758C0072FBAC /* DouyuDemo */,
				16DAA76A1EA3758C0072FBAC /* Products */,
			);
			sourceTree = "<group>";
		};
		16DAA76A1EA3758C0072FBAC /* Products */ = {
			isa = PBXGroup;
			children = (
				16DAA7691EA3758C0072FBAC /* DouyuDemo.app */,
			);
			name = Products;
			sourceTree = "<group>";
		};
		16DAA76B1EA3758C0072FBAC /* DouyuDemo */ = {
			isa = PBXGroup;
			children = (
				16DAA77E1EA378730072FBAC /* Classes */,
				16DAA76C1EA3758C0072FBAC /* AppDelegate.swift */,
				16DAA7731EA3758C0072FBAC /* Assets.xcassets */,
				16DAA7751EA3758C0072FBAC /* LaunchScreen.storyboard */,
				16DAA7781EA3758C0072FBAC /* Info.plist */,
			);
			path = DouyuDemo;
			sourceTree = "<group>";
		};
		16DAA77E1EA378730072FBAC /* Classes */ = {
			isa = PBXGroup;
			children = (
				16DAA7821EA378730072FBAC /* Main */,
				16DAA7801EA378730072FBAC /* Home */,
				16DAA77F1EA378730072FBAC /* Follow */,
				16DAA7811EA378730072FBAC /* Live */,
				16DAA7831EA378730072FBAC /* Profile */,
				16DAA7841EA378730072FBAC /* Tools */,
			);
			path = Classes;
			sourceTree = "<group>";
		};
		16DAA77F1EA378730072FBAC /* Follow */ = {
			isa = PBXGroup;
			children = (
				16DAA79C1EA38F3B0072FBAC /* Chontrollers */,
				16DAA79D1EA38F3B0072FBAC /* Models */,
				16DAA79E1EA38F3B0072FBAC /* Views */,
			);
			path = Follow;
			sourceTree = "<group>";
		};
		16DAA7801EA378730072FBAC /* Home */ = {
			isa = PBXGroup;
			children = (
				16DAA7961EA38E810072FBAC /* Chontrollers */,
				16DAA7971EA38E810072FBAC /* Models */,
				16DAA7981EA38E810072FBAC /* Views */,
			);
			path = Home;
			sourceTree = "<group>";
		};
		16DAA7811EA378730072FBAC /* Live */ = {
			isa = PBXGroup;
			children = (
				16DAA79F1EA38F410072FBAC /* Chontrollers */,
				16DAA7A01EA38F410072FBAC /* Models */,
				16DAA7A11EA38F410072FBAC /* Views */,
			);
			path = Live;
			sourceTree = "<group>";
		};
		16DAA7821EA378730072FBAC /* Main */ = {
			isa = PBXGroup;
			children = (
				16DAA7991EA38E920072FBAC /* Chontrollers */,
				16DAA79A1EA38E920072FBAC /* Models */,
				16DAA79B1EA38E920072FBAC /* Views */,
			);
			path = Main;
			sourceTree = "<group>";
		};
		16DAA7831EA378730072FBAC /* Profile */ = {
			isa = PBXGroup;
			children = (
				16DAA7A21EA38F470072FBAC /* Chontrollers */,
				16DAA7A31EA38F470072FBAC /* Models */,
				16DAA7A41EA38F470072FBAC /* Views */,
			);
			path = Profile;
			sourceTree = "<group>";
		};
		16DAA7841EA378730072FBAC /* Tools */ = {
			isa = PBXGroup;
			children = (
				16DAA7A91EA3990F0072FBAC /* Extentions */,
				16DAA7B01EA3A65A0072FBAC /* Common.swift */,
			);
			path = Tools;
			sourceTree = "<group>";
		};
		16DAA7961EA38E810072FBAC /* Chontrollers */ = {
			isa = PBXGroup;
			children = (
				16DAA7851EA389D70072FBAC /* Home.storyboard */,
				16DAA7A71EA390590072FBAC /* HomeViewController.swift */,
			);
			path = Chontrollers;
			sourceTree = "<group>";
		};
		16DAA7971EA38E810072FBAC /* Models */ = {
			isa = PBXGroup;
			children = (
			);
			path = Models;
			sourceTree = "<group>";
		};
		16DAA7981EA38E810072FBAC /* Views */ = {
			isa = PBXGroup;
			children = (
			);
			path = Views;
			sourceTree = "<group>";
		};
		16DAA7991EA38E920072FBAC /* Chontrollers */ = {
			isa = PBXGroup;
			children = (
				16DAA78F1EA38C0B0072FBAC /* Main.storyboard */,
				16DAA7A51EA38FE90072FBAC /* MainViewController.swift */,
			);
			path = Chontrollers;
			sourceTree = "<group>";
		};
		16DAA79A1EA38E920072FBAC /* Models */ = {
			isa = PBXGroup;
			children = (
			);
			path = Models;
			sourceTree = "<group>";
		};
		16DAA79B1EA38E920072FBAC /* Views */ = {
			isa = PBXGroup;
			children = (
				16DAA7AE1EA3A30A0072FBAC /* PageTitleView.swift */,
			);
			path = Views;
			sourceTree = "<group>";
		};
		16DAA79C1EA38F3B0072FBAC /* Chontrollers */ = {
			isa = PBXGroup;
			children = (
				16DAA78A1EA38A570072FBAC /* Follow.storyboard */,
			);
			path = Chontrollers;
			sourceTree = "<group>";
		};
		16DAA79D1EA38F3B0072FBAC /* Models */ = {
			isa = PBXGroup;
			children = (
			);
			path = Models;
			sourceTree = "<group>";
		};
		16DAA79E1EA38F3B0072FBAC /* Views */ = {
			isa = PBXGroup;
			children = (
			);
			path = Views;
			sourceTree = "<group>";
		};
		16DAA79F1EA38F410072FBAC /* Chontrollers */ = {
			isa = PBXGroup;
			children = (
				16DAA7881EA38A1E0072FBAC /* Live.storyboard */,
			);
			path = Chontrollers;
			sourceTree = "<group>";
		};
		16DAA7A01EA38F410072FBAC /* Models */ = {
			isa = PBXGroup;
			children = (
			);
			path = Models;
			sourceTree = "<group>";
		};
		16DAA7A11EA38F410072FBAC /* Views */ = {
			isa = PBXGroup;
			children = (
			);
			path = Views;
			sourceTree = "<group>";
		};
		16DAA7A21EA38F470072FBAC /* Chontrollers */ = {
			isa = PBXGroup;
			children = (
				16DAA78D1EA38A740072FBAC /* Profile.storyboard */,
			);
			path = Chontrollers;
			sourceTree = "<group>";
		};
		16DAA7A31EA38F470072FBAC /* Models */ = {
			isa = PBXGroup;
			children = (
			);
			path = Models;
			sourceTree = "<group>";
		};
		16DAA7A41EA38F470072FBAC /* Views */ = {
			isa = PBXGroup;
			children = (
			);
			path = Views;
			sourceTree = "<group>";
		};
		16DAA7A91EA3990F0072FBAC /* Extentions */ = {
			isa = PBXGroup;
			children = (
				16DAA7AA1EA3994B0072FBAC /* UIBarButtonItem-Extention.swift */,
			);
			path = Extentions;
			sourceTree = "<group>";
		};
/* End PBXGroup section */

/* Begin PBXNativeTarget section */
		16DAA7681EA3758B0072FBAC /* DouyuDemo */ = {
			isa = PBXNativeTarget;
			buildConfigurationList = 16DAA77B1EA3758C0072FBAC /* Build configuration list for PBXNativeTarget "DouyuDemo" */;
			buildPhases = (
				16DAA7651EA3758B0072FBAC /* Sources */,
				16DAA7661EA3758B0072FBAC /* Frameworks */,
				16DAA7671EA3758B0072FBAC /* Resources */,
			);
			buildRules = (
			);
			dependencies = (
			);
			name = DouyuDemo;
			productName = DouyuDemo;
			productReference = 16DAA7691EA3758C0072FBAC /* DouyuDemo.app */;
			productType = "com.apple.product-type.application";
		};
/* End PBXNativeTarget section */

/* Begin PBXProject section */
		16DAA7611EA3758B0072FBAC /* Project object */ = {
			isa = PBXProject;
			attributes = {
				LastSwiftUpdateCheck = 0820;
				LastUpgradeCheck = 0820;
				ORGANIZATIONNAME = w;
				TargetAttributes = {
					16DAA7681EA3758B0072FBAC = {
						CreatedOnToolsVersion = 8.2.1;
						DevelopmentTeam = 9CE9SUKEAJ;
						ProvisioningStyle = Automatic;
					};
				};
			};
			buildConfigurationList = 16DAA7641EA3758B0072FBAC /* Build configuration list for PBXProject "DouyuDemo" */;
			compatibilityVersion = "Xcode 3.2";
			developmentRegion = English;
			hasScannedForEncodings = 0;
			knownRegions = (
				en,
				Base,
			);
			mainGroup = 16DAA7601EA3758B0072FBAC;
			productRefGroup = 16DAA76A1EA3758C0072FBAC /* Products */;
			projectDirPath = "";
			projectRoot = "";
			targets = (
				16DAA7681EA3758B0072FBAC /* DouyuDemo */,
			);
		};
/* End PBXProject section */

/* Begin PBXResourcesBuildPhase section */
		16DAA7671EA3758B0072FBAC /* Resources */ = {
			isa = PBXResourcesBuildPhase;
			buildActionMask = 2147483647;
			files = (
				16DAA7911EA38C0B0072FBAC /* Main.storyboard in Resources */,
				16DAA7771EA3758C0072FBAC /* LaunchScreen.storyboard in Resources */,
				16DAA7741EA3758C0072FBAC /* Assets.xcassets in Resources */,
				16DAA7891EA38A1E0072FBAC /* Live.storyboard in Resources */,
				16DAA7871EA389D70072FBAC /* Home.storyboard in Resources */,
				16DAA78E1EA38A740072FBAC /* Profile.storyboard in Resources */,
				16DAA78C1EA38A570072FBAC /* Follow.storyboard in Resources */,
			);
			runOnlyForDeploymentPostprocessing = 0;
		};
/* End PBXResourcesBuildPhase section */

/* Begin PBXSourcesBuildPhase section */
		16DAA7651EA3758B0072FBAC /* Sources */ = {
			isa = PBXSourcesBuildPhase;
			buildActionMask = 2147483647;
			files = (
				16DAA76D1EA3758C0072FBAC /* AppDelegate.swift in Sources */,
				16DAA7A61EA38FE90072FBAC /* MainViewController.swift in Sources */,
				16DAA7AF1EA3A30A0072FBAC /* PageTitleView.swift in Sources */,
				16DAA7A81EA390590072FBAC /* HomeViewController.swift in Sources */,
				16DAA7B11EA3A65A0072FBAC /* Common.swift in Sources */,
				16DAA7AB1EA3994B0072FBAC /* UIBarButtonItem-Extention.swift in Sources */,
			);
			runOnlyForDeploymentPostprocessing = 0;
		};
/* End PBXSourcesBuildPhase section */

/* Begin PBXVariantGroup section */
		16DAA7751EA3758C0072FBAC /* LaunchScreen.storyboard */ = {
			isa = PBXVariantGroup;
			children = (
				16DAA7761EA3758C0072FBAC /* Base */,
			);
			name = LaunchScreen.storyboard;
			sourceTree = "<group>";
		};
		16DAA7851EA389D70072FBAC /* Home.storyboard */ = {
			isa = PBXVariantGroup;
			children = (
				16DAA7861EA389D70072FBAC /* Base */,
			);
			name = Home.storyboard;
			path = ../../..;
			sourceTree = "<group>";
		};
		16DAA78A1EA38A570072FBAC /* Follow.storyboard */ = {
			isa = PBXVariantGroup;
			children = (
				16DAA78B1EA38A570072FBAC /* Base */,
			);
			name = Follow.storyboard;
			path = ../../..;
			sourceTree = "<group>";
		};
		16DAA78F1EA38C0B0072FBAC /* Main.storyboard */ = {
			isa = PBXVariantGroup;
			children = (
				16DAA7901EA38C0B0072FBAC /* Base */,
			);
			name = Main.storyboard;
			path = ../../..;
			sourceTree = "<group>";
		};
/* End PBXVariantGroup section */

/* Begin XCBuildConfiguration section */
		16DAA7791EA3758C0072FBAC /* Debug */ = {
			isa = XCBuildConfiguration;
			buildSettings = {
				ALWAYS_SEARCH_USER_PATHS = NO;
				CLANG_ANALYZER_NONNULL = YES;
				CLANG_CXX_LANGUAGE_STANDARD = "gnu++0x";
				CLANG_CXX_LIBRARY = "libc++";
				CLANG_ENABLE_MODULES = YES;
				CLANG_ENABLE_OBJC_ARC = YES;
				CLANG_WARN_BOOL_CONVERSION = YES;
				CLANG_WARN_CONSTANT_CONVERSION = YES;
				CLANG_WARN_DIRECT_OBJC_ISA_USAGE = YES_ERROR;
				CLANG_WARN_DOCUMENTATION_COMMENTS = YES;
				CLANG_WARN_EMPTY_BODY = YES;
				CLANG_WARN_ENUM_CONVERSION = YES;
				CLANG_WARN_INFINITE_RECURSION = YES;
				CLANG_WARN_INT_CONVERSION = YES;
				CLANG_WARN_OBJC_ROOT_CLASS = YES_ERROR;
				CLANG_WARN_SUSPICIOUS_MOVE = YES;
				CLANG_WARN_UNREACHABLE_CODE = YES;
				CLANG_WARN__DUPLICATE_METHOD_MATCH = YES;
				"CODE_SIGN_IDENTITY[sdk=iphoneos*]" = "iPhone Developer";
				COPY_PHASE_STRIP = NO;
				DEBUG_INFORMATION_FORMAT = dwarf;
				ENABLE_STRICT_OBJC_MSGSEND = YES;
				ENABLE_TESTABILITY = YES;
				GCC_C_LANGUAGE_STANDARD = gnu99;
				GCC_DYNAMIC_NO_PIC = NO;
				GCC_NO_COMMON_BLOCKS = YES;
				GCC_OPTIMIZATION_LEVEL = 0;
				GCC_PREPROCESSOR_DEFINITIONS = (
					"DEBUG=1",
					"$(inherited)",
				);
				GCC_WARN_64_TO_32_BIT_CONVERSION = YES;
				GCC_WARN_ABOUT_RETURN_TYPE = YES_ERROR;
				GCC_WARN_UNDECLARED_SELECTOR = YES;
				GCC_WARN_UNINITIALIZED_AUTOS = YES_AGGRESSIVE;
				GCC_WARN_UNUSED_FUNCTION = YES;
				GCC_WARN_UNUSED_VARIABLE = YES;
				IPHONEOS_DEPLOYMENT_TARGET = 10.2;
				MTL_ENABLE_DEBUG_INFO = YES;
				ONLY_ACTIVE_ARCH = YES;
				SDKROOT = iphoneos;
				SWIFT_ACTIVE_COMPILATION_CONDITIONS = DEBUG;
				SWIFT_OPTIMIZATION_LEVEL = "-Onone";
			};
			name = Debug;
		};
		16DAA77A1EA3758C0072FBAC /* Release */ = {
			isa = XCBuildConfiguration;
			buildSettings = {
				ALWAYS_SEARCH_USER_PATHS = NO;
				CLANG_ANALYZER_NONNULL = YES;
				CLANG_CXX_LANGUAGE_STANDARD = "gnu++0x";
				CLANG_CXX_LIBRARY = "libc++";
				CLANG_ENABLE_MODULES = YES;
				CLANG_ENABLE_OBJC_ARC = YES;
				CLANG_WARN_BOOL_CONVERSION = YES;
				CLANG_WARN_CONSTANT_CONVERSION = YES;
				CLANG_WARN_DIRECT_OBJC_ISA_USAGE = YES_ERROR;
				CLANG_WARN_DOCUMENTATION_COMMENTS = YES;
				CLANG_WARN_EMPTY_BODY = YES;
				CLANG_WARN_ENUM_CONVERSION = YES;
				CLANG_WARN_INFINITE_RECURSION = YES;
				CLANG_WARN_INT_CONVERSION = YES;
				CLANG_WARN_OBJC_ROOT_CLASS = YES_ERROR;
				CLANG_WARN_SUSPICIOUS_MOVE = YES;
				CLANG_WARN_UNREACHABLE_CODE = YES;
				CLANG_WARN__DUPLICATE_METHOD_MATCH = YES;
				"CODE_SIGN_IDENTITY[sdk=iphoneos*]" = "iPhone Developer";
				COPY_PHASE_STRIP = NO;
				DEBUG_INFORMATION_FORMAT = "dwarf-with-dsym";
				ENABLE_NS_ASSERTIONS = NO;
				ENABLE_STRICT_OBJC_MSGSEND = YES;
				GCC_C_LANGUAGE_STANDARD = gnu99;
				GCC_NO_COMMON_BLOCKS = YES;
				GCC_WARN_64_TO_32_BIT_CONVERSION = YES;
				GCC_WARN_ABOUT_RETURN_TYPE = YES_ERROR;
				GCC_WARN_UNDECLARED_SELECTOR = YES;
				GCC_WARN_UNINITIALIZED_AUTOS = YES_AGGRESSIVE;
				GCC_WARN_UNUSED_FUNCTION = YES;
				GCC_WARN_UNUSED_VARIABLE = YES;
				IPHONEOS_DEPLOYMENT_TARGET = 10.2;
				MTL_ENABLE_DEBUG_INFO = NO;
				SDKROOT = iphoneos;
				SWIFT_OPTIMIZATION_LEVEL = "-Owholemodule";
				VALIDATE_PRODUCT = YES;
			};
			name = Release;
		};
		16DAA77C1EA3758C0072FBAC /* Debug */ = {
			isa = XCBuildConfiguration;
			buildSettings = {
				ASSETCATALOG_COMPILER_APPICON_NAME = AppIcon;
				ASSETCATALOG_COMPILER_LAUNCHIMAGE_NAME = LaunchImage;
				DEVELOPMENT_TEAM = 9CE9SUKEAJ;
				INFOPLIST_FILE = DouyuDemo/Info.plist;
				IPHONEOS_DEPLOYMENT_TARGET = 8.0;
				LD_RUNPATH_SEARCH_PATHS = "$(inherited) @executable_path/Frameworks";
				PRODUCT_BUNDLE_IDENTIFIER = SC.DouyuDemo;
				PRODUCT_NAME = "$(TARGET_NAME)";
				SWIFT_VERSION = 3.0;
			};
			name = Debug;
		};
		16DAA77D1EA3758C0072FBAC /* Release */ = {
			isa = XCBuildConfiguration;
			buildSettings = {
				ASSETCATALOG_COMPILER_APPICON_NAME = AppIcon;
				ASSETCATALOG_COMPILER_LAUNCHIMAGE_NAME = LaunchImage;
				DEVELOPMENT_TEAM = 9CE9SUKEAJ;
				INFOPLIST_FILE = DouyuDemo/Info.plist;
				IPHONEOS_DEPLOYMENT_TARGET = 8.0;
				LD_RUNPATH_SEARCH_PATHS = "$(inherited) @executable_path/Frameworks";
				PRODUCT_BUNDLE_IDENTIFIER = SC.DouyuDemo;
				PRODUCT_NAME = "$(TARGET_NAME)";
				SWIFT_VERSION = 3.0;
			};
			name = Release;
		};
/* End XCBuildConfiguration section */

/* Begin XCConfigurationList section */
		16DAA7641EA3758B0072FBAC /* Build configuration list for PBXProject "DouyuDemo" */ = {
			isa = XCConfigurationList;
			buildConfigurations = (
				16DAA7791EA3758C0072FBAC /* Debug */,
				16DAA77A1EA3758C0072FBAC /* Release */,
			);
			defaultConfigurationIsVisible = 0;
			defaultConfigurationName = Release;
		};
		16DAA77B1EA3758C0072FBAC /* Build configuration list for PBXNativeTarget "DouyuDemo" */ = {
			isa = XCConfigurationList;
			buildConfigurations = (
				16DAA77C1EA3758C0072FBAC /* Debug */,
				16DAA77D1EA3758C0072FBAC /* Release */,
			);
			defaultConfigurationIsVisible = 0;
			defaultConfigurationName = Release;
		};
/* End XCConfigurationList section */
	};
	rootObject = 16DAA7611EA3758B0072FBAC /* Project object */;
}
