// !$*UTF8*$!
{
	archiveVersion = 1;
	classes = {
	};
	objectVersion = 46;
	objects = {

/* Begin PBXBuildFile section */
		16DAA76D1EA3758C0072FBAC /* AppDelegate.swift in Sources */ = {isa = PBXBuildFile; fileRef = 16DAA76C1EA3758C0072FBAC /* AppDelegate.swift */; };
		16DAA76F1EA3758C0072FBAC /* ViewController.swift in Sources */ = {isa = PBXBuildFile; fileRef = 16DAA76E1EA3758C0072FBAC /* ViewController.swift */; };
		16DAA7721EA3758C0072FBAC /* Main.storyboard in Resources */ = {isa = PBXBuildFile; fileRef = 16DAA7701EA3758C0072FBAC /* Main.storyboard */; };
		16DAA7741EA3758C0072FBAC /* Assets.xcassets in Resources */ = {isa = PBXBuildFile; fileRef = 16DAA7731EA3758C0072FBAC /* Assets.xcassets */; };
		16DAA7771EA3758C0072FBAC /* LaunchScreen.storyboard in Resources */ = {isa = PBXBuildFile; fileRef = 16DAA7751EA3758C0072FBAC /* LaunchScreen.storyboard */; };
/* End PBXBuildFile section */

/* Begin PBXFileReference section */
		16DAA7691EA3758C0072FBAC /* DouyuDemo.app */ = {isa = PBXFileReference; explicitFileType = wrapper.application; includeInIndex = 0; path = DouyuDemo.app; sourceTree = BUILT_PRODUCTS_DIR; };
		16DAA76C1EA3758C0072FBAC /* AppDelegate.swift */ = {isa = PBXFileReference; lastKnownFileType = sourcecode.swift; path = AppDelegate.swift; sourceTree = "<group>"; };
		16DAA76E1EA3758C0072FBAC /* ViewController.swift */ = {isa = PBXFileReference; lastKnownFileType = sourcecode.swift; path = ViewController.swift; sourceTree = "<group>"; };
		16DAA7711EA3758C0072FBAC /* Base */ = {isa = PBXFileReference; lastKnownFileType = file.storyboard; name = Base; path = Base.lproj/Main.storyboard; sourceTree = "<group>"; };
		16DAA7731EA3758C0072FBAC /* Assets.xcassets */ = {isa = PBXFileReference; lastKnownFileType = folder.assetcatalog; path = Assets.xcassets; sourceTree = "<group>"; };
		16DAA7761EA3758C0072FBAC /* Base */ = {isa = PBXFileReference; lastKnownFileType = file.storyboard; name = Base; path = Base.lproj/LaunchScreen.storyboard; sourceTree = "<group>"; };
		16DAA7781EA3758C0072FBAC /* Info.plist */ = {isa = PBXFileReference; lastKnownFileType = text.plist.xml; path = Info.plist; sourceTree = "<group>"; };
/* End PBXFileReference section */

/* Begin PBXFrameworksBuildPhase section */
		16DAA7661EA3758B0072FBAC /* Frameworks */ = {
			isa = PBXFrameworksBuildPhase;
			buildActionMask = 2147483647;
			files = (
			);
			runOnlyForDeploymentPostprocessing = 0;
		};
/* End PBXFrameworksBuildPhase section */

/* Begin PBXGroup section */
		16DAA7601EA3758B0072FBAC = {
			isa = PBXGroup;
			children = (
				16DAA76B1EA3758C0072FBAC /* DouyuDemo */,
				16DAA76A1EA3758C0072FBAC /* Products */,
			);
			sourceTree = "<group>";
		};
		16DAA76A1EA3758C0072FBAC /* Products */ = {
			isa = PBXGroup;
			children = (
				16DAA7691EA3758C0072FBAC /* DouyuDemo.app */,
			);
			name = Products;
			sourceTree = "<group>";
		};
		16DAA76B1EA3758C0072FBAC /* DouyuDemo */ = {
			isa = PBXGroup;
			children = (
				16DAA76C1EA3758C0072FBAC /* AppDelegate.swift */,
				16DAA76E1EA3758C0072FBAC /* ViewController.swift */,
				16DAA7701EA3758C0072FBAC /* Main.storyboard */,
				16DAA7731EA3758C0072FBAC /* Assets.xcassets */,
				16DAA7751EA3758C0072FBAC /* LaunchScreen.storyboard */,
				16DAA7781EA3758C0072FBAC /* Info.plist */,
			);
			path = DouyuDemo;
			sourceTree = "<group>";
		};
/* End PBXGroup section */

/* Begin PBXNativeTarget section */
		16DAA7681EA3758B0072FBAC /* DouyuDemo */ = {
			isa = PBXNativeTarget;
			buildConfigurationList = 16DAA77B1EA3758C0072FBAC /* Build configuration list for PBXNativeTarget "DouyuDemo" */;
			buildPhases = (
				16DAA7651EA3758B0072FBAC /* Sources */,
				16DAA7661EA3758B0072FBAC /* Frameworks */,
				16DAA7671EA3758B0072FBAC /* Resources */,
			);
			buildRules = (
			);
			dependencies = (
			);
			name = DouyuDemo;
			productName = DouyuDemo;
			productReference = 16DAA7691EA3758C0072FBAC /* DouyuDemo.app */;
			productType = "com.apple.product-type.application";
		};
/* End PBXNativeTarget section */

/* Begin PBXProject section */
		16DAA7611EA3758B0072FBAC /* Project object */ = {
			isa = PBXProject;
			attributes = {
				LastSwiftUpdateCheck = 0820;
				LastUpgradeCheck = 0820;
				ORGANIZATIONNAME = w;
				TargetAttributes = {
					16DAA7681EA3758B0072FBAC = {
						CreatedOnToolsVersion = 8.2.1;
						DevelopmentTeam = 9CE9SUKEAJ;
						ProvisioningStyle = Automatic;
					};
				};
			};
			buildConfigurationList = 16DAA7641EA3758B0072FBAC /* Build configuration list for PBXProject "DouyuDemo" */;
			compatibilityVersion = "Xcode 3.2";
			developmentRegion = English;
			hasScannedForEncodings = 0;
			knownRegions = (
				en,
				Base,
			);
			mainGroup = 16DAA7601EA3758B0072FBAC;
			productRefGroup = 16DAA76A1EA3758C0072FBAC /* Products */;
			projectDirPath = "";
			projectRoot = "";
			targets = (
				16DAA7681EA3758B0072FBAC /* DouyuDemo */,
			);
		};
/* End PBXProject section */

/* Begin PBXResourcesBuildPhase section */
		16DAA7671EA3758B0072FBAC /* Resources */ = {
			isa = PBXResourcesBuildPhase;
			buildActionMask = 2147483647;
			files = (
				16DAA7771EA3758C0072FBAC /* LaunchScreen.storyboard in Resources */,
				16DAA7741EA3758C0072FBAC /* Assets.xcassets in Resources */,
				16DAA7721EA3758C0072FBAC /* Main.storyboard in Resources */,
			);
			runOnlyForDeploymentPostprocessing = 0;
		};
/* End PBXResourcesBuildPhase section */

/* Begin PBXSourcesBuildPhase section */
		16DAA7651EA3758B0072FBAC /* Sources */ = {
			isa = PBXSourcesBuildPhase;
			buildActionMask = 2147483647;
			files = (
				16DAA76F1EA3758C0072FBAC /* ViewController.swift in Sources */,
				16DAA76D1EA3758C0072FBAC /* AppDelegate.swift in Sources */,
			);
			runOnlyForDeploymentPostprocessing = 0;
		};
/* End PBXSourcesBuildPhase section */

/* Begin PBXVariantGroup section */
		16DAA7701EA3758C0072FBAC /* Main.storyboard */ = {
			isa = PBXVariantGroup;
			children = (
				16DAA7711EA3758C0072FBAC /* Base */,
			);
			name = Main.storyboard;
			sourceTree = "<group>";
		};
		16DAA7751EA3758C0072FBAC /* LaunchScreen.storyboard */ = {
			isa = PBXVariantGroup;
			children = (
				16DAA7761EA3758C0072FBAC /* Base */,
			);
			name = LaunchScreen.storyboard;
			sourceTree = "<group>";
		};
/* End PBXVariantGroup section */

/* Begin XCBuildConfiguration section */
		16DAA7791EA3758C0072FBAC /* Debug */ = {
			isa = XCBuildConfiguration;
			buildSettings = {
				ALWAYS_SEARCH_USER_PATHS = NO;
				CLANG_ANALYZER_NONNULL = YES;
				CLANG_CXX_LANGUAGE_STANDARD = "gnu++0x";
				CLANG_CXX_LIBRARY = "libc++";
				CLANG_ENABLE_MODULES = YES;
				CLANG_ENABLE_OBJC_ARC = YES;
				CLANG_WARN_BOOL_CONVERSION = YES;
				CLANG_WARN_CONSTANT_CONVERSION = YES;
				CLANG_WARN_DIRECT_OBJC_ISA_USAGE = YES_ERROR;
				CLANG_WARN_DOCUMENTATION_COMMENTS = YES;
				CLANG_WARN_EMPTY_BODY = YES;
				CLANG_WARN_ENUM_CONVERSION = YES;
				CLANG_WARN_INFINITE_RECURSION = YES;
				CLANG_WARN_INT_CONVERSION = YES;
				CLANG_WARN_OBJC_ROOT_CLASS = YES_ERROR;
				CLANG_WARN_SUSPICIOUS_MOVE = YES;
				CLANG_WARN_UNREACHABLE_CODE = YES;
				CLANG_WARN__DUPLICATE_METHOD_MATCH = YES;
				"CODE_SIGN_IDENTITY[sdk=iphoneos*]" = "iPhone Developer";
				COPY_PHASE_STRIP = NO;
				DEBUG_INFORMATION_FORMAT = dwarf;
				ENABLE_STRICT_OBJC_MSGSEND = YES;
				ENABLE_TESTABILITY = YES;
				GCC_C_LANGUAGE_STANDARD = gnu99;
				GCC_DYNAMIC_NO_PIC = NO;
				GCC_NO_COMMON_BLOCKS = YES;
				GCC_OPTIMIZATION_LEVEL = 0;
				GCC_PREPROCESSOR_DEFINITIONS = (
					"DEBUG=1",
					"$(inherited)",
				);
				GCC_WARN_64_TO_32_BIT_CONVERSION = YES;
				GCC_WARN_ABOUT_RETURN_TYPE = YES_ERROR;
				GCC_WARN_UNDECLARED_SELECTOR = YES;
				GCC_WARN_UNINITIALIZED_AUTOS = YES_AGGRESSIVE;
				GCC_WARN_UNUSED_FUNCTION = YES;
				GCC_WARN_UNUSED_VARIABLE = YES;
				IPHONEOS_DEPLOYMENT_TARGET = 10.2;
				MTL_ENABLE_DEBUG_INFO = YES;
				ONLY_ACTIVE_ARCH = YES;
				SDKROOT = iphoneos;
				SWIFT_ACTIVE_COMPILATION_CONDITIONS = DEBUG;
				SWIFT_OPTIMIZATION_LEVEL = "-Onone";
			};
			name = Debug;
		};
		16DAA77A1EA3758C0072FBAC /* Release */ = {
			isa = XCBuildConfiguration;
			buildSettings = {
				ALWAYS_SEARCH_USER_PATHS = NO;
				CLANG_ANALYZER_NONNULL = YES;
				CLANG_CXX_LANGUAGE_STANDARD = "gnu++0x";
				CLANG_CXX_LIBRARY = "libc++";
				CLANG_ENABLE_MODULES = YES;
				CLANG_ENABLE_OBJC_ARC = YES;
				CLANG_WARN_BOOL_CONVERSION = YES;
				CLANG_WARN_CONSTANT_CONVERSION = YES;
				CLANG_WARN_DIRECT_OBJC_ISA_USAGE = YES_ERROR;
				CLANG_WARN_DOCUMENTATION_COMMENTS = YES;
				CLANG_WARN_EMPTY_BODY = YES;
				CLANG_WARN_ENUM_CONVERSION = YES;
				CLANG_WARN_INFINITE_RECURSION = YES;
				CLANG_WARN_INT_CONVERSION = YES;
				CLANG_WARN_OBJC_ROOT_CLASS = YES_ERROR;
				CLANG_WARN_SUSPICIOUS_MOVE = YES;
				CLANG_WARN_UNREACHABLE_CODE = YES;
				CLANG_WARN__DUPLICATE_METHOD_MATCH = YES;
				"CODE_SIGN_IDENTITY[sdk=iphoneos*]" = "iPhone Developer";
				COPY_PHASE_STRIP = NO;
				DEBUG_INFORMATION_FORMAT = "dwarf-with-dsym";
				ENABLE_NS_ASSERTIONS = NO;
				ENABLE_STRICT_OBJC_MSGSEND = YES;
				GCC_C_LANGUAGE_STANDARD = gnu99;
				GCC_NO_COMMON_BLOCKS = YES;
				GCC_WARN_64_TO_32_BIT_CONVERSION = YES;
				GCC_WARN_ABOUT_RETURN_TYPE = YES_ERROR;
				GCC_WARN_UNDECLARED_SELECTOR = YES;
				GCC_WARN_UNINITIALIZED_AUTOS = YES_AGGRESSIVE;
				GCC_WARN_UNUSED_FUNCTION = YES;
				GCC_WARN_UNUSED_VARIABLE = YES;
				IPHONEOS_DEPLOYMENT_TARGET = 10.2;
				MTL_ENABLE_DEBUG_INFO = NO;
				SDKROOT = iphoneos;
				SWIFT_OPTIMIZATION_LEVEL = "-Owholemodule";
				VALIDATE_PRODUCT = YES;
			};
			name = Release;
		};
		16DAA77C1EA3758C0072FBAC /* Debug */ = {
			isa = XCBuildConfiguration;
			buildSettings = {
				ASSETCATALOG_COMPILER_APPICON_NAME = AppIcon;
				ASSETCATALOG_COMPILER_LAUNCHIMAGE_NAME = LaunchImage;
				DEVELOPMENT_TEAM = 9CE9SUKEAJ;
				INFOPLIST_FILE = DouyuDemo/Info.plist;
				IPHONEOS_DEPLOYMENT_TARGET = 9.0;
				LD_RUNPATH_SEARCH_PATHS = "$(inherited) @executable_path/Frameworks";
				PRODUCT_BUNDLE_IDENTIFIER = SC.DouyuDemo;
				PRODUCT_NAME = "$(TARGET_NAME)";
				SWIFT_VERSION = 3.0;
			};
			name = Debug;
		};
		16DAA77D1EA3758C0072FBAC /* Release */ = {
			isa = XCBuildConfiguration;
			buildSettings = {
				ASSETCATALOG_COMPILER_APPICON_NAME = AppIcon;
				ASSETCATALOG_COMPILER_LAUNCHIMAGE_NAME = LaunchImage;
				DEVELOPMENT_TEAM = 9CE9SUKEAJ;
				INFOPLIST_FILE = DouyuDemo/Info.plist;
				IPHONEOS_DEPLOYMENT_TARGET = 9.0;
				LD_RUNPATH_SEARCH_PATHS = "$(inherited) @executable_path/Frameworks";
				PRODUCT_BUNDLE_IDENTIFIER = SC.DouyuDemo;
				PRODUCT_NAME = "$(TARGET_NAME)";
				SWIFT_VERSION = 3.0;
			};
			name = Release;
		};
/* End XCBuildConfiguration section */

/* Begin XCConfigurationList section */
		16DAA7641EA3758B0072FBAC /* Build configuration list for PBXProject "DouyuDemo" */ = {
			isa = XCConfigurationList;
			buildConfigurations = (
				16DAA7791EA3758C0072FBAC /* Debug */,
				16DAA77A1EA3758C0072FBAC /* Release */,
			);
			defaultConfigurationIsVisible = 0;
			defaultConfigurationName = Release;
		};
		16DAA77B1EA3758C0072FBAC /* Build configuration list for PBXNativeTarget "DouyuDemo" */ = {
			isa = XCConfigurationList;
			buildConfigurations = (
				16DAA77C1EA3758C0072FBAC /* Debug */,
				16DAA77D1EA3758C0072FBAC /* Release */,
			);
			defaultConfigurationIsVisible = 0;
		};
/* End XCConfigurationList section */
	};
	rootObject = 16DAA7611EA3758B0072FBAC /* Project object */;
}
